
Microsoft Visual Studio Solution File, Format Version 12.00
# Visual Studio Version 17
VisualStudioVersion = 17.13.35931.197 d17.13
MinimumVisualStudioVersion = 10.0.40219.1
Project("{FAE04EC0-301F-11D3-BF4B-00C04F79EFBC}") = "SmsSendingInterfaceRedesign", "SmsSendingInterfaceRedesign\SmsSendingInterfaceRedesign\SmsSendingInterfaceRedesign.csproj", "{1675BC4D-98B8-4B8E-8779-553C5C2951A6}"
EndProject
Project("{FAE04EC0-301F-11D3-BF4B-00C04F79EFBC}") = "SmsSendingInterfaceRedesign.Client", "SmsSendingInterfaceRedesign\SmsSendingInterfaceRedesign.Client\SmsSendingInterfaceRedesign.Client.csproj", "{14248210-B1CF-44BF-A141-99B659EC31C8}"
EndProject
Global
	GlobalSection(SolutionConfigurationPlatforms) = preSolution
		Debug|Any CPU = Debug|Any CPU
		Release|Any CPU = Release|Any CPU
	EndGlobalSection
	GlobalSection(ProjectConfigurationPlatforms) = postSolution
		{1675BC4D-98B8-4B8E-8779-553C5C2951A6}.Debug|Any CPU.ActiveCfg = Debug|Any CPU
		{1675BC4D-98B8-4B8E-8779-553C5C2951A6}.Debug|Any CPU.Build.0 = Debug|Any CPU
		{1675BC4D-98B8-4B8E-8779-553C5C2951A6}.Release|Any CPU.ActiveCfg = Release|Any CPU
		{1675BC4D-98B8-4B8E-8779-553C5C2951A6}.Release|Any CPU.Build.0 = Release|Any CPU
		{14248210-B1CF-44BF-A141-99B659EC31C8}.Debug|Any CPU.ActiveCfg = Debug|Any CPU
		{14248210-B1CF-44BF-A141-99B659EC31C8}.Debug|Any CPU.Build.0 = Debug|Any CPU
		{14248210-B1CF-44BF-A141-99B659EC31C8}.Release|Any CPU.ActiveCfg = Release|Any CPU
		{14248210-B1CF-44BF-A141-99B659EC31C8}.Release|Any CPU.Build.0 = Release|Any CPU
	EndGlobalSection
	GlobalSection(SolutionProperties) = preSolution
		HideSolutionNode = FALSE
	EndGlobalSection
	GlobalSection(ExtensibilityGlobals) = postSolution
		SolutionGuid = {5BF9DD49-3017-4712-B73C-1C1B6B0179B7}
	EndGlobalSection
EndGlobal
